{
    "hash": "81c7205020d9ca1f52d01bbaf0df0413",
    "packages": [
        {
            "package": "composer/installers",
            "version": "dev-master",
            "source-reference": "22620800c592c1dc7c33d70ef6789f5d1947028a",
            "commit-date": "1342719957"
        },
        {
            "package": "pimple/pimple",
            "version": "1.0.0"
        }
    ],
    "packages-dev": null,
    "aliases": [

    ],
    "minimum-stability": "dev",
    "stability-flags": [

    ]
}
